
Microsoft Visual Studio Solution File, Format Version 12.00
# Visual Studio Version 17
VisualStudioVersion = 17.4.33403.182
MinimumVisualStudioVersion = 10.0.40219.1
Project("{FAE04EC0-301F-11D3-BF4B-00C04F79EFBC}") = "2011062999_DuongNguyenSongPhi", "2011062999_DuongNguyenSongPhi\2011062999_DuongNguyenSongPhi.csproj", "{486114EE-CE07-4AB2-875C-9A1C482CC8B7}"
EndProject
Global
	GlobalSection(SolutionConfigurationPlatforms) = preSolution
		Debug|Any CPU = Debug|Any CPU
		Release|Any CPU = Release|Any CPU
	EndGlobalSection
	GlobalSection(ProjectConfigurationPlatforms) = postSolution
		{486114EE-CE07-4AB2-875C-9A1C482CC8B7}.Debug|Any CPU.ActiveCfg = Debug|Any CPU
		{486114EE-CE07-4AB2-875C-9A1C482CC8B7}.Debug|Any CPU.Build.0 = Debug|Any CPU
		{486114EE-CE07-4AB2-875C-9A1C482CC8B7}.Release|Any CPU.ActiveCfg = Release|Any CPU
		{486114EE-CE07-4AB2-875C-9A1C482CC8B7}.Release|Any CPU.Build.0 = Release|Any CPU
	EndGlobalSection
	GlobalSection(SolutionProperties) = preSolution
		HideSolutionNode = FALSE
	EndGlobalSection
	GlobalSection(ExtensibilityGlobals) = postSolution
		SolutionGuid = {75172AA6-C900-424B-A7B4-DA8093E93BAD}
	EndGlobalSection
EndGlobal
